// !$*UTF8*$!
{
	archiveVersion = 1;
	classes = {
	};
	objectVersion = 56;
	objects = {

/* Begin PBXBuildFile section */
		2026A6642BA1FCEF0036964C /* SelectionModel.swift in Sources */ = {isa = PBXBuildFile; fileRef = 2026A6632BA1FCEF0036964C /* SelectionModel.swift */; };
		2026A6662BA2067A0036964C /* SplashView.swift in Sources */ = {isa = PBXBuildFile; fileRef = 2026A6652BA2067A0036964C /* SplashView.swift */; };
		2026A6682BA216E70036964C /* TodayEatsView.swift in Sources */ = {isa = PBXBuildFile; fileRef = 2026A6672BA216E70036964C /* TodayEatsView.swift */; };
		2026A66A2BA317330036964C /* RestaurantView.swift in Sources */ = {isa = PBXBuildFile; fileRef = 2026A6692BA317320036964C /* RestaurantView.swift */; };
		2026A66D2BA32CB50036964C /* ProfileView.swift in Sources */ = {isa = PBXBuildFile; fileRef = 2026A66C2BA32CB50036964C /* ProfileView.swift */; };
		2026A66F2BA330290036964C /* UserViewModel.swift in Sources */ = {isa = PBXBuildFile; fileRef = 2026A66E2BA330280036964C /* UserViewModel.swift */; };
		2026A6712BA339370036964C /* MyPostView.swift in Sources */ = {isa = PBXBuildFile; fileRef = 2026A6702BA339370036964C /* MyPostView.swift */; };
		2026A6732BA34B9B0036964C /* BackButton.swift in Sources */ = {isa = PBXBuildFile; fileRef = 2026A6722BA34B9B0036964C /* BackButton.swift */; };
		2026A6752BA36C080036964C /* FirebaseStorage in Frameworks */ = {isa = PBXBuildFile; productRef = 2026A6742BA36C080036964C /* FirebaseStorage */; };
		2026A6772BA36C080036964C /* FirebaseStorageCombine-Community in Frameworks */ = {isa = PBXBuildFile; productRef = 2026A6762BA36C080036964C /* FirebaseStorageCombine-Community */; };
		202D7ECD2BA0E40000CAE603 /* FireStoreManager.swift in Sources */ = {isa = PBXBuildFile; fileRef = 202D7ECC2BA0E40000CAE603 /* FireStoreManager.swift */; };
		202D7ED02BA1E5CD00CAE603 /* UserModel.swift in Sources */ = {isa = PBXBuildFile; fileRef = 202D7ECF2BA1E5CD00CAE603 /* UserModel.swift */; };
		202D7ED22BA1E5DB00CAE603 /* FeedModel.swift in Sources */ = {isa = PBXBuildFile; fileRef = 202D7ED12BA1E5DB00CAE603 /* FeedModel.swift */; };
		202D7ED42BA1E6E200CAE603 /* CommunityViewModel.swift in Sources */ = {isa = PBXBuildFile; fileRef = 202D7ED32BA1E6E200CAE603 /* CommunityViewModel.swift */; };
		205AE8F52B9A726B0022A1E2 /* TODAY_EATSApp.swift in Sources */ = {isa = PBXBuildFile; fileRef = 205AE8F42B9A726B0022A1E2 /* TODAY_EATSApp.swift */; };
		205AE8F72B9A726B0022A1E2 /* ContentView.swift in Sources */ = {isa = PBXBuildFile; fileRef = 205AE8F62B9A726B0022A1E2 /* ContentView.swift */; };
		205AE8FB2B9A726C0022A1E2 /* Assets.xcassets in Resources */ = {isa = PBXBuildFile; fileRef = 205AE8FA2B9A726C0022A1E2 /* Assets.xcassets */; };
		205AE8FE2B9A726C0022A1E2 /* Preview Assets.xcassets in Resources */ = {isa = PBXBuildFile; fileRef = 205AE8FD2B9A726C0022A1E2 /* Preview Assets.xcassets */; };
		205AE9082B9A726D0022A1E2 /* TODAY_EATSTests.swift in Sources */ = {isa = PBXBuildFile; fileRef = 205AE9072B9A726D0022A1E2 /* TODAY_EATSTests.swift */; };
		205AE9122B9A726D0022A1E2 /* TODAY_EATSUITests.swift in Sources */ = {isa = PBXBuildFile; fileRef = 205AE9112B9A726D0022A1E2 /* TODAY_EATSUITests.swift */; };
		205AE9142B9A726D0022A1E2 /* TODAY_EATSUITestsLaunchTests.swift in Sources */ = {isa = PBXBuildFile; fileRef = 205AE9132B9A726D0022A1E2 /* TODAY_EATSUITestsLaunchTests.swift */; };
		205AE9212B9A74610022A1E2 /* LoginView.swift in Sources */ = {isa = PBXBuildFile; fileRef = 205AE9202B9A74610022A1E2 /* LoginView.swift */; };
		20D2AD462B9DC804006B5A3B /* MyPageView.swift in Sources */ = {isa = PBXBuildFile; fileRef = 20D2AD452B9DC804006B5A3B /* MyPageView.swift */; };
		20D2AD4A2B9DD5A3006B5A3B /* CuisineSelectionView.swift in Sources */ = {isa = PBXBuildFile; fileRef = 20D2AD492B9DD5A3006B5A3B /* CuisineSelectionView.swift */; };
		20D2AD4C2B9DE1CA006B5A3B /* SmallButton.swift in Sources */ = {isa = PBXBuildFile; fileRef = 20D2AD4B2B9DE1CA006B5A3B /* SmallButton.swift */; };
		20D2AD4E2B9DEB94006B5A3B /* NextButton.swift in Sources */ = {isa = PBXBuildFile; fileRef = 20D2AD4D2B9DEB94006B5A3B /* NextButton.swift */; };
		20D2AD502B9DF61F006B5A3B /* SpicySelectionView.swift in Sources */ = {isa = PBXBuildFile; fileRef = 20D2AD4F2B9DF61F006B5A3B /* SpicySelectionView.swift */; };
		20D2AD522B9DF6C6006B5A3B /* SelectionView.swift in Sources */ = {isa = PBXBuildFile; fileRef = 20D2AD512B9DF6C6006B5A3B /* SelectionView.swift */; };
		20D2AD542B9E1500006B5A3B /* OilySelectionView.swift in Sources */ = {isa = PBXBuildFile; fileRef = 20D2AD532B9E1500006B5A3B /* OilySelectionView.swift */; };
		20D2AD5A2B9E383D006B5A3B /* PlaceSelectionView.swift in Sources */ = {isa = PBXBuildFile; fileRef = 20D2AD592B9E383D006B5A3B /* PlaceSelectionView.swift */; };
		20D2AD5C2B9E38E6006B5A3B /* WeatherSelectionView.swift in Sources */ = {isa = PBXBuildFile; fileRef = 20D2AD5B2B9E38E6006B5A3B /* WeatherSelectionView.swift */; };
		20D2AD5E2B9E3AFD006B5A3B /* LocationCheckView.swift in Sources */ = {isa = PBXBuildFile; fileRef = 20D2AD5D2B9E3AFC006B5A3B /* LocationCheckView.swift */; };
		20D2AD612B9E4A72006B5A3B /* ResultView.swift in Sources */ = {isa = PBXBuildFile; fileRef = 20D2AD602B9E4A72006B5A3B /* ResultView.swift */; };
		20D2AD632B9E5431006B5A3B /* NavigationManager.swift in Sources */ = {isa = PBXBuildFile; fileRef = 20D2AD622B9E5431006B5A3B /* NavigationManager.swift */; };
		20D2AD652B9E63B7006B5A3B /* CommunityView.swift in Sources */ = {isa = PBXBuildFile; fileRef = 20D2AD642B9E63B7006B5A3B /* CommunityView.swift */; };
		20D2AD6A2B9EE878006B5A3B /* OnBoarding1View.swift in Sources */ = {isa = PBXBuildFile; fileRef = 20D2AD692B9EE878006B5A3B /* OnBoarding1View.swift */; };
		20D2AD6C2B9EE886006B5A3B /* OnBoarding2View.swift in Sources */ = {isa = PBXBuildFile; fileRef = 20D2AD6B2B9EE886006B5A3B /* OnBoarding2View.swift */; };
		20D2AD6E2B9EE89D006B5A3B /* OnBoarding3View.swift in Sources */ = {isa = PBXBuildFile; fileRef = 20D2AD6D2B9EE89D006B5A3B /* OnBoarding3View.swift */; };
		20D2AD702B9F5EBB006B5A3B /* OnBoarding4View.swift in Sources */ = {isa = PBXBuildFile; fileRef = 20D2AD6F2B9F5EBB006B5A3B /* OnBoarding4View.swift */; };
		20D2AD722B9F6665006B5A3B /* OnBoardingManager.swift in Sources */ = {isa = PBXBuildFile; fileRef = 20D2AD712B9F6665006B5A3B /* OnBoardingManager.swift */; };
		20D2AD752B9F7EC6006B5A3B /* CreatePostView.swift in Sources */ = {isa = PBXBuildFile; fileRef = 20D2AD742B9F7EC6006B5A3B /* CreatePostView.swift */; };
		20D2AD782B9FDB40006B5A3B /* LocationViewModel.swift in Sources */ = {isa = PBXBuildFile; fileRef = 20D2AD772B9FDB40006B5A3B /* LocationViewModel.swift */; };
		20D4E7BA2BA06EF0000B3257 /* FirebaseAuth in Frameworks */ = {isa = PBXBuildFile; productRef = 20D4E7B92BA06EF0000B3257 /* FirebaseAuth */; };
		20D4E7BC2BA06EF0000B3257 /* FirebaseDatabase in Frameworks */ = {isa = PBXBuildFile; productRef = 20D4E7BB2BA06EF0000B3257 /* FirebaseDatabase */; };
		20D4E7BE2BA06EF0000B3257 /* FirebaseDatabaseSwift in Frameworks */ = {isa = PBXBuildFile; productRef = 20D4E7BD2BA06EF0000B3257 /* FirebaseDatabaseSwift */; };
		20D4E7C02BA06FBD000B3257 /* LoginViewModel.swift in Sources */ = {isa = PBXBuildFile; fileRef = 20D4E7BF2BA06FBD000B3257 /* LoginViewModel.swift */; };
		20D4E7C22BA076CC000B3257 /* AuthService.swift in Sources */ = {isa = PBXBuildFile; fileRef = 20D4E7C12BA076CC000B3257 /* AuthService.swift */; };
		20D4E7C42BA08554000B3257 /* FirebaseAuth in Frameworks */ = {isa = PBXBuildFile; productRef = 20D4E7C32BA08554000B3257 /* FirebaseAuth */; };
		20D4E7C62BA08554000B3257 /* FirebaseAuthCombine-Community in Frameworks */ = {isa = PBXBuildFile; productRef = 20D4E7C52BA08554000B3257 /* FirebaseAuthCombine-Community */; };
		20D4E7C82BA085AC000B3257 /* FirebaseAppCheck in Frameworks */ = {isa = PBXBuildFile; productRef = 20D4E7C72BA085AC000B3257 /* FirebaseAppCheck */; };
		20D4E7CA2BA08F84000B3257 /* FirebaseAnalytics in Frameworks */ = {isa = PBXBuildFile; productRef = 20D4E7C92BA08F84000B3257 /* FirebaseAnalytics */; };
		20D4E7CC2BA08F84000B3257 /* FirebaseAnalyticsOnDeviceConversion in Frameworks */ = {isa = PBXBuildFile; productRef = 20D4E7CB2BA08F84000B3257 /* FirebaseAnalyticsOnDeviceConversion */; };
		20D4E7CE2BA08F84000B3257 /* FirebaseAnalyticsSwift in Frameworks */ = {isa = PBXBuildFile; productRef = 20D4E7CD2BA08F84000B3257 /* FirebaseAnalyticsSwift */; };
		20D4E7D02BA08F84000B3257 /* FirebaseAnalyticsWithoutAdIdSupport in Frameworks */ = {isa = PBXBuildFile; productRef = 20D4E7CF2BA08F84000B3257 /* FirebaseAnalyticsWithoutAdIdSupport */; };
		20D4E7D22BA08F84000B3257 /* FirebaseAppDistribution-Beta in Frameworks */ = {isa = PBXBuildFile; productRef = 20D4E7D12BA08F84000B3257 /* FirebaseAppDistribution-Beta */; };
		20D4E7D42BA09351000B3257 /* FirebaseFirestore in Frameworks */ = {isa = PBXBuildFile; productRef = 20D4E7D32BA09351000B3257 /* FirebaseFirestore */; };
		20D4E7D62BA097FF000B3257 /* GoogleService-Info.plist in Resources */ = {isa = PBXBuildFile; fileRef = 20D4E7D52BA097FF000B3257 /* GoogleService-Info.plist */; };
		20D4E7D82BA09FF5000B3257 /* HomeView.swift in Sources */ = {isa = PBXBuildFile; fileRef = 20D4E7D72BA09FF5000B3257 /* HomeView.swift */; };
		20EFDC952B9B67B60091C49F /* Desgin.swift in Sources */ = {isa = PBXBuildFile; fileRef = 20EFDC942B9B67B60091C49F /* Desgin.swift */; };
/* End PBXBuildFile section */

/* Begin PBXContainerItemProxy section */
		205AE9042B9A726D0022A1E2 /* PBXContainerItemProxy */ = {
			isa = PBXContainerItemProxy;
			containerPortal = 205AE8E92B9A726B0022A1E2 /* Project object */;
			proxyType = 1;
			remoteGlobalIDString = 205AE8F02B9A726B0022A1E2;
			remoteInfo = "TODAY-EATS";
		};
		205AE90E2B9A726D0022A1E2 /* PBXContainerItemProxy */ = {
			isa = PBXContainerItemProxy;
			containerPortal = 205AE8E92B9A726B0022A1E2 /* Project object */;
			proxyType = 1;
			remoteGlobalIDString = 205AE8F02B9A726B0022A1E2;
			remoteInfo = "TODAY-EATS";
		};
/* End PBXContainerItemProxy section */

/* Begin PBXFileReference section */
		2026A6632BA1FCEF0036964C /* SelectionModel.swift */ = {isa = PBXFileReference; lastKnownFileType = sourcecode.swift; path = SelectionModel.swift; sourceTree = "<group>"; };
		2026A6652BA2067A0036964C /* SplashView.swift */ = {isa = PBXFileReference; lastKnownFileType = sourcecode.swift; path = SplashView.swift; sourceTree = "<group>"; };
		2026A6672BA216E70036964C /* TodayEatsView.swift */ = {isa = PBXFileReference; lastKnownFileType = sourcecode.swift; path = TodayEatsView.swift; sourceTree = "<group>"; };
		2026A6692BA317320036964C /* RestaurantView.swift */ = {isa = PBXFileReference; lastKnownFileType = sourcecode.swift; path = RestaurantView.swift; sourceTree = "<group>"; };
		2026A66C2BA32CB50036964C /* ProfileView.swift */ = {isa = PBXFileReference; lastKnownFileType = sourcecode.swift; path = ProfileView.swift; sourceTree = "<group>"; };
		2026A66E2BA330280036964C /* UserViewModel.swift */ = {isa = PBXFileReference; lastKnownFileType = sourcecode.swift; path = UserViewModel.swift; sourceTree = "<group>"; };
		2026A6702BA339370036964C /* MyPostView.swift */ = {isa = PBXFileReference; lastKnownFileType = sourcecode.swift; path = MyPostView.swift; sourceTree = "<group>"; };
		2026A6722BA34B9B0036964C /* BackButton.swift */ = {isa = PBXFileReference; lastKnownFileType = sourcecode.swift; path = BackButton.swift; sourceTree = "<group>"; };
		202D7ECC2BA0E40000CAE603 /* FireStoreManager.swift */ = {isa = PBXFileReference; lastKnownFileType = sourcecode.swift; path = FireStoreManager.swift; sourceTree = "<group>"; };
		202D7ECF2BA1E5CD00CAE603 /* UserModel.swift */ = {isa = PBXFileReference; lastKnownFileType = sourcecode.swift; path = UserModel.swift; sourceTree = "<group>"; };
		202D7ED12BA1E5DB00CAE603 /* FeedModel.swift */ = {isa = PBXFileReference; lastKnownFileType = sourcecode.swift; path = FeedModel.swift; sourceTree = "<group>"; };
		202D7ED32BA1E6E200CAE603 /* CommunityViewModel.swift */ = {isa = PBXFileReference; lastKnownFileType = sourcecode.swift; path = CommunityViewModel.swift; sourceTree = "<group>"; };
		205AE8F12B9A726B0022A1E2 /* TODAY-EATS.app */ = {isa = PBXFileReference; explicitFileType = wrapper.application; includeInIndex = 0; path = "TODAY-EATS.app"; sourceTree = BUILT_PRODUCTS_DIR; };
		205AE8F42B9A726B0022A1E2 /* TODAY_EATSApp.swift */ = {isa = PBXFileReference; lastKnownFileType = sourcecode.swift; path = TODAY_EATSApp.swift; sourceTree = "<group>"; };
		205AE8F62B9A726B0022A1E2 /* ContentView.swift */ = {isa = PBXFileReference; lastKnownFileType = sourcecode.swift; path = ContentView.swift; sourceTree = "<group>"; };
		205AE8FA2B9A726C0022A1E2 /* Assets.xcassets */ = {isa = PBXFileReference; lastKnownFileType = folder.assetcatalog; path = Assets.xcassets; sourceTree = "<group>"; };
		205AE8FD2B9A726C0022A1E2 /* Preview Assets.xcassets */ = {isa = PBXFileReference; lastKnownFileType = folder.assetcatalog; path = "Preview Assets.xcassets"; sourceTree = "<group>"; };
		205AE9032B9A726D0022A1E2 /* TODAY-EATSTests.xctest */ = {isa = PBXFileReference; explicitFileType = wrapper.cfbundle; includeInIndex = 0; path = "TODAY-EATSTests.xctest"; sourceTree = BUILT_PRODUCTS_DIR; };
		205AE9072B9A726D0022A1E2 /* TODAY_EATSTests.swift */ = {isa = PBXFileReference; lastKnownFileType = sourcecode.swift; path = TODAY_EATSTests.swift; sourceTree = "<group>"; };
		205AE90D2B9A726D0022A1E2 /* TODAY-EATSUITests.xctest */ = {isa = PBXFileReference; explicitFileType = wrapper.cfbundle; includeInIndex = 0; path = "TODAY-EATSUITests.xctest"; sourceTree = BUILT_PRODUCTS_DIR; };
		205AE9112B9A726D0022A1E2 /* TODAY_EATSUITests.swift */ = {isa = PBXFileReference; lastKnownFileType = sourcecode.swift; path = TODAY_EATSUITests.swift; sourceTree = "<group>"; };
		205AE9132B9A726D0022A1E2 /* TODAY_EATSUITestsLaunchTests.swift */ = {isa = PBXFileReference; lastKnownFileType = sourcecode.swift; path = TODAY_EATSUITestsLaunchTests.swift; sourceTree = "<group>"; };
		205AE9202B9A74610022A1E2 /* LoginView.swift */ = {isa = PBXFileReference; lastKnownFileType = sourcecode.swift; path = LoginView.swift; sourceTree = "<group>"; };
		20D2AD452B9DC804006B5A3B /* MyPageView.swift */ = {isa = PBXFileReference; lastKnownFileType = sourcecode.swift; path = MyPageView.swift; sourceTree = "<group>"; };
		20D2AD492B9DD5A3006B5A3B /* CuisineSelectionView.swift */ = {isa = PBXFileReference; lastKnownFileType = sourcecode.swift; path = CuisineSelectionView.swift; sourceTree = "<group>"; };
		20D2AD4B2B9DE1CA006B5A3B /* SmallButton.swift */ = {isa = PBXFileReference; lastKnownFileType = sourcecode.swift; path = SmallButton.swift; sourceTree = "<group>"; };
		20D2AD4D2B9DEB94006B5A3B /* NextButton.swift */ = {isa = PBXFileReference; lastKnownFileType = sourcecode.swift; path = NextButton.swift; sourceTree = "<group>"; };
		20D2AD4F2B9DF61F006B5A3B /* SpicySelectionView.swift */ = {isa = PBXFileReference; lastKnownFileType = sourcecode.swift; path = SpicySelectionView.swift; sourceTree = "<group>"; };
		20D2AD512B9DF6C6006B5A3B /* SelectionView.swift */ = {isa = PBXFileReference; lastKnownFileType = sourcecode.swift; path = SelectionView.swift; sourceTree = "<group>"; };
		20D2AD532B9E1500006B5A3B /* OilySelectionView.swift */ = {isa = PBXFileReference; lastKnownFileType = sourcecode.swift; path = OilySelectionView.swift; sourceTree = "<group>"; };
		20D2AD592B9E383D006B5A3B /* PlaceSelectionView.swift */ = {isa = PBXFileReference; lastKnownFileType = sourcecode.swift; path = PlaceSelectionView.swift; sourceTree = "<group>"; };
		20D2AD5B2B9E38E6006B5A3B /* WeatherSelectionView.swift */ = {isa = PBXFileReference; lastKnownFileType = sourcecode.swift; path = WeatherSelectionView.swift; sourceTree = "<group>"; };
		20D2AD5D2B9E3AFC006B5A3B /* LocationCheckView.swift */ = {isa = PBXFileReference; lastKnownFileType = sourcecode.swift; path = LocationCheckView.swift; sourceTree = "<group>"; };
		20D2AD5F2B9E3D32006B5A3B /* Info.plist */ = {isa = PBXFileReference; lastKnownFileType = text.plist; path = Info.plist; sourceTree = "<group>"; };
		20D2AD602B9E4A72006B5A3B /* ResultView.swift */ = {isa = PBXFileReference; lastKnownFileType = sourcecode.swift; path = ResultView.swift; sourceTree = "<group>"; };
		20D2AD622B9E5431006B5A3B /* NavigationManager.swift */ = {isa = PBXFileReference; lastKnownFileType = sourcecode.swift; path = NavigationManager.swift; sourceTree = "<group>"; };
		20D2AD642B9E63B7006B5A3B /* CommunityView.swift */ = {isa = PBXFileReference; lastKnownFileType = sourcecode.swift; path = CommunityView.swift; sourceTree = "<group>"; };
		20D2AD692B9EE878006B5A3B /* OnBoarding1View.swift */ = {isa = PBXFileReference; lastKnownFileType = sourcecode.swift; path = OnBoarding1View.swift; sourceTree = "<group>"; };
		20D2AD6B2B9EE886006B5A3B /* OnBoarding2View.swift */ = {isa = PBXFileReference; lastKnownFileType = sourcecode.swift; path = OnBoarding2View.swift; sourceTree = "<group>"; };
		20D2AD6D2B9EE89D006B5A3B /* OnBoarding3View.swift */ = {isa = PBXFileReference; lastKnownFileType = sourcecode.swift; path = OnBoarding3View.swift; sourceTree = "<group>"; };
		20D2AD6F2B9F5EBB006B5A3B /* OnBoarding4View.swift */ = {isa = PBXFileReference; lastKnownFileType = sourcecode.swift; path = OnBoarding4View.swift; sourceTree = "<group>"; };
		20D2AD712B9F6665006B5A3B /* OnBoardingManager.swift */ = {isa = PBXFileReference; lastKnownFileType = sourcecode.swift; path = OnBoardingManager.swift; sourceTree = "<group>"; };
		20D2AD742B9F7EC6006B5A3B /* CreatePostView.swift */ = {isa = PBXFileReference; lastKnownFileType = sourcecode.swift; path = CreatePostView.swift; sourceTree = "<group>"; };
		20D2AD772B9FDB40006B5A3B /* LocationViewModel.swift */ = {isa = PBXFileReference; lastKnownFileType = sourcecode.swift; path = LocationViewModel.swift; sourceTree = "<group>"; };
		20D4E7B52B9FE418000B3257 /* TODAY-EATS.entitlements */ = {isa = PBXFileReference; lastKnownFileType = text.plist.entitlements; path = "TODAY-EATS.entitlements"; sourceTree = "<group>"; };
		20D4E7BF2BA06FBD000B3257 /* LoginViewModel.swift */ = {isa = PBXFileReference; lastKnownFileType = sourcecode.swift; path = LoginViewModel.swift; sourceTree = "<group>"; };
		20D4E7C12BA076CC000B3257 /* AuthService.swift */ = {isa = PBXFileReference; lastKnownFileType = sourcecode.swift; path = AuthService.swift; sourceTree = "<group>"; };
		20D4E7D52BA097FF000B3257 /* GoogleService-Info.plist */ = {isa = PBXFileReference; fileEncoding = 4; lastKnownFileType = text.plist.xml; path = "GoogleService-Info.plist"; sourceTree = "<group>"; };
		20D4E7D72BA09FF5000B3257 /* HomeView.swift */ = {isa = PBXFileReference; lastKnownFileType = sourcecode.swift; path = HomeView.swift; sourceTree = "<group>"; };
		20EFDC942B9B67B60091C49F /* Desgin.swift */ = {isa = PBXFileReference; lastKnownFileType = sourcecode.swift; path = Desgin.swift; sourceTree = "<group>"; };
/* End PBXFileReference section */

/* Begin PBXFrameworksBuildPhase section */
		205AE8EE2B9A726B0022A1E2 /* Frameworks */ = {
			isa = PBXFrameworksBuildPhase;
			buildActionMask = 2147483647;
			files = (
				20D4E7BE2BA06EF0000B3257 /* FirebaseDatabaseSwift in Frameworks */,
				20D4E7BC2BA06EF0000B3257 /* FirebaseDatabase in Frameworks */,
				20D4E7CA2BA08F84000B3257 /* FirebaseAnalytics in Frameworks */,
				2026A6772BA36C080036964C /* FirebaseStorageCombine-Community in Frameworks */,
				20D4E7CC2BA08F84000B3257 /* FirebaseAnalyticsOnDeviceConversion in Frameworks */,
				20D4E7CE2BA08F84000B3257 /* FirebaseAnalyticsSwift in Frameworks */,
				2026A6752BA36C080036964C /* FirebaseStorage in Frameworks */,
				20D4E7BA2BA06EF0000B3257 /* FirebaseAuth in Frameworks */,
				20D4E7C82BA085AC000B3257 /* FirebaseAppCheck in Frameworks */,
				20D4E7D22BA08F84000B3257 /* FirebaseAppDistribution-Beta in Frameworks */,
				20D4E7D02BA08F84000B3257 /* FirebaseAnalyticsWithoutAdIdSupport in Frameworks */,
				20D4E7D42BA09351000B3257 /* FirebaseFirestore in Frameworks */,
				20D4E7C62BA08554000B3257 /* FirebaseAuthCombine-Community in Frameworks */,
			);
			runOnlyForDeploymentPostprocessing = 0;
		};
		205AE9002B9A726D0022A1E2 /* Frameworks */ = {
			isa = PBXFrameworksBuildPhase;
			buildActionMask = 2147483647;
			files = (
				20D4E7C42BA08554000B3257 /* FirebaseAuth in Frameworks */,
			);
			runOnlyForDeploymentPostprocessing = 0;
		};
		205AE90A2B9A726D0022A1E2 /* Frameworks */ = {
			isa = PBXFrameworksBuildPhase;
			buildActionMask = 2147483647;
			files = (
			);
			runOnlyForDeploymentPostprocessing = 0;
		};
/* End PBXFrameworksBuildPhase section */

/* Begin PBXGroup section */
		2026A66B2BA32C710036964C /* MyPage */ = {
			isa = PBXGroup;
			children = (
				20D2AD452B9DC804006B5A3B /* MyPageView.swift */,
				2026A66C2BA32CB50036964C /* ProfileView.swift */,
				2026A6702BA339370036964C /* MyPostView.swift */,
			);
			path = MyPage;
			sourceTree = "<group>";
		};
		202D7ECE2BA1E5B600CAE603 /* Model */ = {
			isa = PBXGroup;
			children = (
				202D7ECF2BA1E5CD00CAE603 /* UserModel.swift */,
				202D7ED12BA1E5DB00CAE603 /* FeedModel.swift */,
				2026A6632BA1FCEF0036964C /* SelectionModel.swift */,
			);
			path = Model;
			sourceTree = "<group>";
		};
		205AE8E82B9A726B0022A1E2 = {
			isa = PBXGroup;
			children = (
				205AE8F32B9A726B0022A1E2 /* TODAY-EATS */,
				205AE9062B9A726D0022A1E2 /* TODAY-EATSTests */,
				205AE9102B9A726D0022A1E2 /* TODAY-EATSUITests */,
				205AE8F22B9A726B0022A1E2 /* Products */,
			);
			sourceTree = "<group>";
		};
		205AE8F22B9A726B0022A1E2 /* Products */ = {
			isa = PBXGroup;
			children = (
				205AE8F12B9A726B0022A1E2 /* TODAY-EATS.app */,
				205AE9032B9A726D0022A1E2 /* TODAY-EATSTests.xctest */,
				205AE90D2B9A726D0022A1E2 /* TODAY-EATSUITests.xctest */,
			);
			name = Products;
			sourceTree = "<group>";
		};
		205AE8F32B9A726B0022A1E2 /* TODAY-EATS */ = {
			isa = PBXGroup;
			children = (
				20D4E7B52B9FE418000B3257 /* TODAY-EATS.entitlements */,
				20D4E7D52BA097FF000B3257 /* GoogleService-Info.plist */,
				20D2AD5F2B9E3D32006B5A3B /* Info.plist */,
				205AE8F42B9A726B0022A1E2 /* TODAY_EATSApp.swift */,
				20D2AD712B9F6665006B5A3B /* OnBoardingManager.swift */,
				20D2AD622B9E5431006B5A3B /* NavigationManager.swift */,
				202D7ECC2BA0E40000CAE603 /* FireStoreManager.swift */,
				20D4E7C12BA076CC000B3257 /* AuthService.swift */,
				20D2AD662B9E6636006B5A3B /* Custom */,
				202D7ECE2BA1E5B600CAE603 /* Model */,
				20D2AD762B9FDB19006B5A3B /* ViewModel */,
				20D2AD472B9DD4B2006B5A3B /* View */,
				205AE8FA2B9A726C0022A1E2 /* Assets.xcassets */,
				20D2AD512B9DF6C6006B5A3B /* SelectionView.swift */,
				205AE8FC2B9A726C0022A1E2 /* Preview Content */,
			);
			path = "TODAY-EATS";
			sourceTree = "<group>";
		};
		205AE8FC2B9A726C0022A1E2 /* Preview Content */ = {
			isa = PBXGroup;
			children = (
				205AE8FD2B9A726C0022A1E2 /* Preview Assets.xcassets */,
			);
			path = "Preview Content";
			sourceTree = "<group>";
		};
		205AE9062B9A726D0022A1E2 /* TODAY-EATSTests */ = {
			isa = PBXGroup;
			children = (
				205AE9072B9A726D0022A1E2 /* TODAY_EATSTests.swift */,
			);
			path = "TODAY-EATSTests";
			sourceTree = "<group>";
		};
		205AE9102B9A726D0022A1E2 /* TODAY-EATSUITests */ = {
			isa = PBXGroup;
			children = (
				205AE9112B9A726D0022A1E2 /* TODAY_EATSUITests.swift */,
				205AE9132B9A726D0022A1E2 /* TODAY_EATSUITestsLaunchTests.swift */,
			);
			path = "TODAY-EATSUITests";
			sourceTree = "<group>";
		};
		20D2AD472B9DD4B2006B5A3B /* View */ = {
			isa = PBXGroup;
			children = (
				205AE8F62B9A726B0022A1E2 /* ContentView.swift */,
				2026A6652BA2067A0036964C /* SplashView.swift */,
				205AE9202B9A74610022A1E2 /* LoginView.swift */,
				20D4E7D72BA09FF5000B3257 /* HomeView.swift */,
				20D2AD482B9DD4CC006B5A3B /* Todayeats */,
				20D2AD732B9F7BFE006B5A3B /* Community */,
				2026A66B2BA32C710036964C /* MyPage */,
				20D2AD682B9EE85C006B5A3B /* OnBoarding */,
			);
			path = View;
			sourceTree = "<group>";
		};
		20D2AD482B9DD4CC006B5A3B /* Todayeats */ = {
			isa = PBXGroup;
			children = (
				2026A6672BA216E70036964C /* TodayEatsView.swift */,
				20D2AD492B9DD5A3006B5A3B /* CuisineSelectionView.swift */,
				20D2AD4F2B9DF61F006B5A3B /* SpicySelectionView.swift */,
				20D2AD532B9E1500006B5A3B /* OilySelectionView.swift */,
				20D2AD5B2B9E38E6006B5A3B /* WeatherSelectionView.swift */,
				20D2AD602B9E4A72006B5A3B /* ResultView.swift */,
				20D2AD5D2B9E3AFC006B5A3B /* LocationCheckView.swift */,
				20D2AD592B9E383D006B5A3B /* PlaceSelectionView.swift */,
				2026A6692BA317320036964C /* RestaurantView.swift */,
			);
			path = Todayeats;
			sourceTree = "<group>";
		};
		20D2AD662B9E6636006B5A3B /* Custom */ = {
			isa = PBXGroup;
			children = (
				20D2AD672B9E664D006B5A3B /* Button */,
				20EFDC942B9B67B60091C49F /* Desgin.swift */,
			);
			path = Custom;
			sourceTree = "<group>";
		};
		20D2AD672B9E664D006B5A3B /* Button */ = {
			isa = PBXGroup;
			children = (
				20D2AD4B2B9DE1CA006B5A3B /* SmallButton.swift */,
				20D2AD4D2B9DEB94006B5A3B /* NextButton.swift */,
				2026A6722BA34B9B0036964C /* BackButton.swift */,
			);
			path = Button;
			sourceTree = "<group>";
		};
		20D2AD682B9EE85C006B5A3B /* OnBoarding */ = {
			isa = PBXGroup;
			children = (
				20D2AD692B9EE878006B5A3B /* OnBoarding1View.swift */,
				20D2AD6B2B9EE886006B5A3B /* OnBoarding2View.swift */,
				20D2AD6D2B9EE89D006B5A3B /* OnBoarding3View.swift */,
				20D2AD6F2B9F5EBB006B5A3B /* OnBoarding4View.swift */,
			);
			path = OnBoarding;
			sourceTree = "<group>";
		};
		20D2AD732B9F7BFE006B5A3B /* Community */ = {
			isa = PBXGroup;
			children = (
				20D2AD642B9E63B7006B5A3B /* CommunityView.swift */,
				20D2AD742B9F7EC6006B5A3B /* CreatePostView.swift */,
			);
			path = Community;
			sourceTree = "<group>";
		};
		20D2AD762B9FDB19006B5A3B /* ViewModel */ = {
			isa = PBXGroup;
			children = (
				20D2AD772B9FDB40006B5A3B /* LocationViewModel.swift */,
				20D4E7BF2BA06FBD000B3257 /* LoginViewModel.swift */,
				202D7ED32BA1E6E200CAE603 /* CommunityViewModel.swift */,
				2026A66E2BA330280036964C /* UserViewModel.swift */,
			);
			path = ViewModel;
			sourceTree = "<group>";
		};
/* End PBXGroup section */

/* Begin PBXNativeTarget section */
		205AE8F02B9A726B0022A1E2 /* TODAY-EATS */ = {
			isa = PBXNativeTarget;
			buildConfigurationList = 205AE9172B9A726D0022A1E2 /* Build configuration list for PBXNativeTarget "TODAY-EATS" */;
			buildPhases = (
				205AE8ED2B9A726B0022A1E2 /* Sources */,
				205AE8EE2B9A726B0022A1E2 /* Frameworks */,
				205AE8EF2B9A726B0022A1E2 /* Resources */,
			);
			buildRules = (
			);
			dependencies = (
			);
			name = "TODAY-EATS";
			packageProductDependencies = (
				20D4E7B92BA06EF0000B3257 /* FirebaseAuth */,
				20D4E7BB2BA06EF0000B3257 /* FirebaseDatabase */,
				20D4E7BD2BA06EF0000B3257 /* FirebaseDatabaseSwift */,
				20D4E7C52BA08554000B3257 /* FirebaseAuthCombine-Community */,
				20D4E7C72BA085AC000B3257 /* FirebaseAppCheck */,
				20D4E7C92BA08F84000B3257 /* FirebaseAnalytics */,
				20D4E7CB2BA08F84000B3257 /* FirebaseAnalyticsOnDeviceConversion */,
				20D4E7CD2BA08F84000B3257 /* FirebaseAnalyticsSwift */,
				20D4E7CF2BA08F84000B3257 /* FirebaseAnalyticsWithoutAdIdSupport */,
				20D4E7D12BA08F84000B3257 /* FirebaseAppDistribution-Beta */,
				20D4E7D32BA09351000B3257 /* FirebaseFirestore */,
				2026A6742BA36C080036964C /* FirebaseStorage */,
				2026A6762BA36C080036964C /* FirebaseStorageCombine-Community */,
			);
			productName = "TODAY-EATS";
			productReference = 205AE8F12B9A726B0022A1E2 /* TODAY-EATS.app */;
			productType = "com.apple.product-type.application";
		};
		205AE9022B9A726D0022A1E2 /* TODAY-EATSTests */ = {
			isa = PBXNativeTarget;
			buildConfigurationList = 205AE91A2B9A726D0022A1E2 /* Build configuration list for PBXNativeTarget "TODAY-EATSTests" */;
			buildPhases = (
				205AE8FF2B9A726D0022A1E2 /* Sources */,
				205AE9002B9A726D0022A1E2 /* Frameworks */,
				205AE9012B9A726D0022A1E2 /* Resources */,
			);
			buildRules = (
			);
			dependencies = (
				205AE9052B9A726D0022A1E2 /* PBXTargetDependency */,
			);
			name = "TODAY-EATSTests";
			packageProductDependencies = (
				20D4E7C32BA08554000B3257 /* FirebaseAuth */,
			);
			productName = "TODAY-EATSTests";
			productReference = 205AE9032B9A726D0022A1E2 /* TODAY-EATSTests.xctest */;
			productType = "com.apple.product-type.bundle.unit-test";
		};
		205AE90C2B9A726D0022A1E2 /* TODAY-EATSUITests */ = {
			isa = PBXNativeTarget;
			buildConfigurationList = 205AE91D2B9A726D0022A1E2 /* Build configuration list for PBXNativeTarget "TODAY-EATSUITests" */;
			buildPhases = (
				205AE9092B9A726D0022A1E2 /* Sources */,
				205AE90A2B9A726D0022A1E2 /* Frameworks */,
				205AE90B2B9A726D0022A1E2 /* Resources */,
			);
			buildRules = (
			);
			dependencies = (
				205AE90F2B9A726D0022A1E2 /* PBXTargetDependency */,
			);
			name = "TODAY-EATSUITests";
			productName = "TODAY-EATSUITests";
			productReference = 205AE90D2B9A726D0022A1E2 /* TODAY-EATSUITests.xctest */;
			productType = "com.apple.product-type.bundle.ui-testing";
		};
/* End PBXNativeTarget section */

/* Begin PBXProject section */
		205AE8E92B9A726B0022A1E2 /* Project object */ = {
			isa = PBXProject;
			attributes = {
				BuildIndependentTargetsInParallel = 1;
				LastSwiftUpdateCheck = 1520;
				LastUpgradeCheck = 1520;
				TargetAttributes = {
					205AE8F02B9A726B0022A1E2 = {
						CreatedOnToolsVersion = 15.2;
					};
					205AE9022B9A726D0022A1E2 = {
						CreatedOnToolsVersion = 15.2;
						TestTargetID = 205AE8F02B9A726B0022A1E2;
					};
					205AE90C2B9A726D0022A1E2 = {
						CreatedOnToolsVersion = 15.2;
						TestTargetID = 205AE8F02B9A726B0022A1E2;
					};
				};
			};
			buildConfigurationList = 205AE8EC2B9A726B0022A1E2 /* Build configuration list for PBXProject "TODAY-EATS" */;
			compatibilityVersion = "Xcode 14.0";
			developmentRegion = en;
			hasScannedForEncodings = 0;
			knownRegions = (
				en,
				Base,
			);
			mainGroup = 205AE8E82B9A726B0022A1E2;
			packageReferences = (
				20D4E7B82BA06EF0000B3257 /* XCRemoteSwiftPackageReference "firebase-ios-sdk" */,
			);
			productRefGroup = 205AE8F22B9A726B0022A1E2 /* Products */;
			projectDirPath = "";
			projectRoot = "";
			targets = (
				205AE8F02B9A726B0022A1E2 /* TODAY-EATS */,
				205AE9022B9A726D0022A1E2 /* TODAY-EATSTests */,
				205AE90C2B9A726D0022A1E2 /* TODAY-EATSUITests */,
			);
		};
/* End PBXProject section */

/* Begin PBXResourcesBuildPhase section */
		205AE8EF2B9A726B0022A1E2 /* Resources */ = {
			isa = PBXResourcesBuildPhase;
			buildActionMask = 2147483647;
			files = (
				205AE8FE2B9A726C0022A1E2 /* Preview Assets.xcassets in Resources */,
				205AE8FB2B9A726C0022A1E2 /* Assets.xcassets in Resources */,
				20D4E7D62BA097FF000B3257 /* GoogleService-Info.plist in Resources */,
			);
			runOnlyForDeploymentPostprocessing = 0;
		};
		205AE9012B9A726D0022A1E2 /* Resources */ = {
			isa = PBXResourcesBuildPhase;
			buildActionMask = 2147483647;
			files = (
			);
			runOnlyForDeploymentPostprocessing = 0;
		};
		205AE90B2B9A726D0022A1E2 /* Resources */ = {
			isa = PBXResourcesBuildPhase;
			buildActionMask = 2147483647;
			files = (
			);
			runOnlyForDeploymentPostprocessing = 0;
		};
/* End PBXResourcesBuildPhase section */

/* Begin PBXSourcesBuildPhase section */
		205AE8ED2B9A726B0022A1E2 /* Sources */ = {
			isa = PBXSourcesBuildPhase;
			buildActionMask = 2147483647;
			files = (
				20D2AD652B9E63B7006B5A3B /* CommunityView.swift in Sources */,
				2026A6682BA216E70036964C /* TodayEatsView.swift in Sources */,
				2026A6712BA339370036964C /* MyPostView.swift in Sources */,
				20D4E7D82BA09FF5000B3257 /* HomeView.swift in Sources */,
				20D2AD542B9E1500006B5A3B /* OilySelectionView.swift in Sources */,
				2026A6642BA1FCEF0036964C /* SelectionModel.swift in Sources */,
				202D7ED02BA1E5CD00CAE603 /* UserModel.swift in Sources */,
				20EFDC952B9B67B60091C49F /* Desgin.swift in Sources */,
				20D2AD782B9FDB40006B5A3B /* LocationViewModel.swift in Sources */,
				20D2AD6A2B9EE878006B5A3B /* OnBoarding1View.swift in Sources */,
				202D7ED22BA1E5DB00CAE603 /* FeedModel.swift in Sources */,
				2026A6732BA34B9B0036964C /* BackButton.swift in Sources */,
				20D2AD6C2B9EE886006B5A3B /* OnBoarding2View.swift in Sources */,
				20D2AD4C2B9DE1CA006B5A3B /* SmallButton.swift in Sources */,
				20D2AD722B9F6665006B5A3B /* OnBoardingManager.swift in Sources */,
				2026A66A2BA317330036964C /* RestaurantView.swift in Sources */,
				20D4E7C02BA06FBD000B3257 /* LoginViewModel.swift in Sources */,
				205AE8F72B9A726B0022A1E2 /* ContentView.swift in Sources */,
				20D2AD5E2B9E3AFD006B5A3B /* LocationCheckView.swift in Sources */,
				20D2AD4E2B9DEB94006B5A3B /* NextButton.swift in Sources */,
				20D2AD5A2B9E383D006B5A3B /* PlaceSelectionView.swift in Sources */,
				202D7ED42BA1E6E200CAE603 /* CommunityViewModel.swift in Sources */,
				20D2AD502B9DF61F006B5A3B /* SpicySelectionView.swift in Sources */,
				202D7ECD2BA0E40000CAE603 /* FireStoreManager.swift in Sources */,
				20D2AD6E2B9EE89D006B5A3B /* OnBoarding3View.swift in Sources */,
				20D2AD522B9DF6C6006B5A3B /* SelectionView.swift in Sources */,
				20D2AD462B9DC804006B5A3B /* MyPageView.swift in Sources */,
				2026A6662BA2067A0036964C /* SplashView.swift in Sources */,
				20D2AD632B9E5431006B5A3B /* NavigationManager.swift in Sources */,
				20D2AD5C2B9E38E6006B5A3B /* WeatherSelectionView.swift in Sources */,
				2026A66F2BA330290036964C /* UserViewModel.swift in Sources */,
				2026A66D2BA32CB50036964C /* ProfileView.swift in Sources */,
				20D2AD4A2B9DD5A3006B5A3B /* CuisineSelectionView.swift in Sources */,
				20D4E7C22BA076CC000B3257 /* AuthService.swift in Sources */,
				20D2AD702B9F5EBB006B5A3B /* OnBoarding4View.swift in Sources */,
				20D2AD752B9F7EC6006B5A3B /* CreatePostView.swift in Sources */,
				20D2AD612B9E4A72006B5A3B /* ResultView.swift in Sources */,
				205AE9212B9A74610022A1E2 /* LoginView.swift in Sources */,
				205AE8F52B9A726B0022A1E2 /* TODAY_EATSApp.swift in Sources */,
			);
			runOnlyForDeploymentPostprocessing = 0;
		};
		205AE8FF2B9A726D0022A1E2 /* Sources */ = {
			isa = PBXSourcesBuildPhase;
			buildActionMask = 2147483647;
			files = (
				205AE9082B9A726D0022A1E2 /* TODAY_EATSTests.swift in Sources */,
			);
			runOnlyForDeploymentPostprocessing = 0;
		};
		205AE9092B9A726D0022A1E2 /* Sources */ = {
			isa = PBXSourcesBuildPhase;
			buildActionMask = 2147483647;
			files = (
				205AE9122B9A726D0022A1E2 /* TODAY_EATSUITests.swift in Sources */,
				205AE9142B9A726D0022A1E2 /* TODAY_EATSUITestsLaunchTests.swift in Sources */,
			);
			runOnlyForDeploymentPostprocessing = 0;
		};
/* End PBXSourcesBuildPhase section */

/* Begin PBXTargetDependency section */
		205AE9052B9A726D0022A1E2 /* PBXTargetDependency */ = {
			isa = PBXTargetDependency;
			target = 205AE8F02B9A726B0022A1E2 /* TODAY-EATS */;
			targetProxy = 205AE9042B9A726D0022A1E2 /* PBXContainerItemProxy */;
		};
		205AE90F2B9A726D0022A1E2 /* PBXTargetDependency */ = {
			isa = PBXTargetDependency;
			target = 205AE8F02B9A726B0022A1E2 /* TODAY-EATS */;
			targetProxy = 205AE90E2B9A726D0022A1E2 /* PBXContainerItemProxy */;
		};
/* End PBXTargetDependency section */

/* Begin XCBuildConfiguration section */
		205AE9152B9A726D0022A1E2 /* Debug */ = {
			isa = XCBuildConfiguration;
			buildSettings = {
				ALWAYS_SEARCH_USER_PATHS = NO;
				ASSETCATALOG_COMPILER_GENERATE_SWIFT_ASSET_SYMBOL_EXTENSIONS = YES;
				CLANG_ANALYZER_NONNULL = YES;
				CLANG_ANALYZER_NUMBER_OBJECT_CONVERSION = YES_AGGRESSIVE;
				CLANG_CXX_LANGUAGE_STANDARD = "gnu++20";
				CLANG_ENABLE_MODULES = YES;
				CLANG_ENABLE_OBJC_ARC = YES;
				CLANG_ENABLE_OBJC_WEAK = YES;
				CLANG_WARN_BLOCK_CAPTURE_AUTORELEASING = YES;
				CLANG_WARN_BOOL_CONVERSION = YES;
				CLANG_WARN_COMMA = YES;
				CLANG_WARN_CONSTANT_CONVERSION = YES;
				CLANG_WARN_DEPRECATED_OBJC_IMPLEMENTATIONS = YES;
				CLANG_WARN_DIRECT_OBJC_ISA_USAGE = YES_ERROR;
				CLANG_WARN_DOCUMENTATION_COMMENTS = YES;
				CLANG_WARN_EMPTY_BODY = YES;
				CLANG_WARN_ENUM_CONVERSION = YES;
				CLANG_WARN_INFINITE_RECURSION = YES;
				CLANG_WARN_INT_CONVERSION = YES;
				CLANG_WARN_NON_LITERAL_NULL_CONVERSION = YES;
				CLANG_WARN_OBJC_IMPLICIT_RETAIN_SELF = YES;
				CLANG_WARN_OBJC_LITERAL_CONVERSION = YES;
				CLANG_WARN_OBJC_ROOT_CLASS = YES_ERROR;
				CLANG_WARN_QUOTED_INCLUDE_IN_FRAMEWORK_HEADER = YES;
				CLANG_WARN_RANGE_LOOP_ANALYSIS = YES;
				CLANG_WARN_STRICT_PROTOTYPES = YES;
				CLANG_WARN_SUSPICIOUS_MOVE = YES;
				CLANG_WARN_UNGUARDED_AVAILABILITY = YES_AGGRESSIVE;
				CLANG_WARN_UNREACHABLE_CODE = YES;
				CLANG_WARN__DUPLICATE_METHOD_MATCH = YES;
				COPY_PHASE_STRIP = NO;
				DEBUG_INFORMATION_FORMAT = dwarf;
				ENABLE_STRICT_OBJC_MSGSEND = YES;
				ENABLE_TESTABILITY = YES;
				ENABLE_USER_SCRIPT_SANDBOXING = YES;
				GCC_C_LANGUAGE_STANDARD = gnu17;
				GCC_DYNAMIC_NO_PIC = NO;
				GCC_NO_COMMON_BLOCKS = YES;
				GCC_OPTIMIZATION_LEVEL = 0;
				GCC_PREPROCESSOR_DEFINITIONS = (
					"DEBUG=1",
					"$(inherited)",
				);
				GCC_WARN_64_TO_32_BIT_CONVERSION = YES;
				GCC_WARN_ABOUT_RETURN_TYPE = YES_ERROR;
				GCC_WARN_UNDECLARED_SELECTOR = YES;
				GCC_WARN_UNINITIALIZED_AUTOS = YES_AGGRESSIVE;
				GCC_WARN_UNUSED_FUNCTION = YES;
				GCC_WARN_UNUSED_VARIABLE = YES;
				IPHONEOS_DEPLOYMENT_TARGET = 17.2;
				LOCALIZATION_PREFERS_STRING_CATALOGS = YES;
				MTL_ENABLE_DEBUG_INFO = INCLUDE_SOURCE;
				MTL_FAST_MATH = YES;
				ONLY_ACTIVE_ARCH = YES;
				SDKROOT = iphoneos;
				SWIFT_ACTIVE_COMPILATION_CONDITIONS = "DEBUG $(inherited)";
				SWIFT_OPTIMIZATION_LEVEL = "-Onone";
			};
			name = Debug;
		};
		205AE9162B9A726D0022A1E2 /* Release */ = {
			isa = XCBuildConfiguration;
			buildSettings = {
				ALWAYS_SEARCH_USER_PATHS = NO;
				ASSETCATALOG_COMPILER_GENERATE_SWIFT_ASSET_SYMBOL_EXTENSIONS = YES;
				CLANG_ANALYZER_NONNULL = YES;
				CLANG_ANALYZER_NUMBER_OBJECT_CONVERSION = YES_AGGRESSIVE;
				CLANG_CXX_LANGUAGE_STANDARD = "gnu++20";
				CLANG_ENABLE_MODULES = YES;
				CLANG_ENABLE_OBJC_ARC = YES;
				CLANG_ENABLE_OBJC_WEAK = YES;
				CLANG_WARN_BLOCK_CAPTURE_AUTORELEASING = YES;
				CLANG_WARN_BOOL_CONVERSION = YES;
				CLANG_WARN_COMMA = YES;
				CLANG_WARN_CONSTANT_CONVERSION = YES;
				CLANG_WARN_DEPRECATED_OBJC_IMPLEMENTATIONS = YES;
				CLANG_WARN_DIRECT_OBJC_ISA_USAGE = YES_ERROR;
				CLANG_WARN_DOCUMENTATION_COMMENTS = YES;
				CLANG_WARN_EMPTY_BODY = YES;
				CLANG_WARN_ENUM_CONVERSION = YES;
				CLANG_WARN_INFINITE_RECURSION = YES;
				CLANG_WARN_INT_CONVERSION = YES;
				CLANG_WARN_NON_LITERAL_NULL_CONVERSION = YES;
				CLANG_WARN_OBJC_IMPLICIT_RETAIN_SELF = YES;
				CLANG_WARN_OBJC_LITERAL_CONVERSION = YES;
				CLANG_WARN_OBJC_ROOT_CLASS = YES_ERROR;
				CLANG_WARN_QUOTED_INCLUDE_IN_FRAMEWORK_HEADER = YES;
				CLANG_WARN_RANGE_LOOP_ANALYSIS = YES;
				CLANG_WARN_STRICT_PROTOTYPES = YES;
				CLANG_WARN_SUSPICIOUS_MOVE = YES;
				CLANG_WARN_UNGUARDED_AVAILABILITY = YES_AGGRESSIVE;
				CLANG_WARN_UNREACHABLE_CODE = YES;
				CLANG_WARN__DUPLICATE_METHOD_MATCH = YES;
				COPY_PHASE_STRIP = NO;
				DEBUG_INFORMATION_FORMAT = "dwarf-with-dsym";
				ENABLE_NS_ASSERTIONS = NO;
				ENABLE_STRICT_OBJC_MSGSEND = YES;
				ENABLE_USER_SCRIPT_SANDBOXING = YES;
				GCC_C_LANGUAGE_STANDARD = gnu17;
				GCC_NO_COMMON_BLOCKS = YES;
				GCC_WARN_64_TO_32_BIT_CONVERSION = YES;
				GCC_WARN_ABOUT_RETURN_TYPE = YES_ERROR;
				GCC_WARN_UNDECLARED_SELECTOR = YES;
				GCC_WARN_UNINITIALIZED_AUTOS = YES_AGGRESSIVE;
				GCC_WARN_UNUSED_FUNCTION = YES;
				GCC_WARN_UNUSED_VARIABLE = YES;
				IPHONEOS_DEPLOYMENT_TARGET = 17.2;
				LOCALIZATION_PREFERS_STRING_CATALOGS = YES;
				MTL_ENABLE_DEBUG_INFO = NO;
				MTL_FAST_MATH = YES;
				SDKROOT = iphoneos;
				SWIFT_COMPILATION_MODE = wholemodule;
				VALIDATE_PRODUCT = YES;
			};
			name = Release;
		};
		205AE9182B9A726D0022A1E2 /* Debug */ = {
			isa = XCBuildConfiguration;
			buildSettings = {
				ASSETCATALOG_COMPILER_APPICON_NAME = AppIcon;
				ASSETCATALOG_COMPILER_GLOBAL_ACCENT_COLOR_NAME = AccentColor;
				CODE_SIGN_ENTITLEMENTS = "TODAY-EATS/TODAY-EATS.entitlements";
				"CODE_SIGN_IDENTITY[sdk=iphoneos*]" = "iPhone Developer";
				CODE_SIGN_STYLE = Manual;
				CURRENT_PROJECT_VERSION = 1;
				DEVELOPMENT_ASSET_PATHS = "\"TODAY-EATS/Preview Content\"";
				DEVELOPMENT_TEAM = "";
				"DEVELOPMENT_TEAM[sdk=iphoneos*]" = 387JTQ5ATJ;
				ENABLE_PREVIEWS = YES;
				GENERATE_INFOPLIST_FILE = YES;
				INFOPLIST_FILE = "TODAY-EATS/Info.plist";
				INFOPLIST_KEY_NSLocationWhenInUseUsageDescription = "위치 권한을 허용해주세요";
				INFOPLIST_KEY_UIApplicationSceneManifest_Generation = YES;
				INFOPLIST_KEY_UIApplicationSupportsIndirectInputEvents = YES;
				INFOPLIST_KEY_UILaunchScreen_Generation = YES;
				INFOPLIST_KEY_UISupportedInterfaceOrientations_iPad = "UIInterfaceOrientationPortrait UIInterfaceOrientationPortraitUpsideDown UIInterfaceOrientationLandscapeLeft UIInterfaceOrientationLandscapeRight";
				INFOPLIST_KEY_UISupportedInterfaceOrientations_iPhone = "UIInterfaceOrientationPortrait UIInterfaceOrientationLandscapeLeft UIInterfaceOrientationLandscapeRight";
				LD_RUNPATH_SEARCH_PATHS = (
					"$(inherited)",
					"@executable_path/Frameworks",
				);
				MARKETING_VERSION = 1.0;
				OTHER_LDFLAGS = "-ObjC";
				PRODUCT_BUNDLE_IDENTIFIER = com.pky.todayEats;
				PRODUCT_MODULE_NAME = "$(PRODUCT_NAME:c99extidentifier)";
				PRODUCT_NAME = "$(TARGET_NAME)";
				PROVISIONING_PROFILE_SPECIFIER = "";
				"PROVISIONING_PROFILE_SPECIFIER[sdk=iphoneos*]" = "TODAY EATS Development";
				SWIFT_EMIT_LOC_STRINGS = YES;
				SWIFT_VERSION = 5.0;
				TARGETED_DEVICE_FAMILY = "1,2";
			};
			name = Debug;
		};
		205AE9192B9A726D0022A1E2 /* Release */ = {
			isa = XCBuildConfiguration;
			buildSettings = {
				ASSETCATALOG_COMPILER_APPICON_NAME = AppIcon;
				ASSETCATALOG_COMPILER_GLOBAL_ACCENT_COLOR_NAME = AccentColor;
				CODE_SIGN_ENTITLEMENTS = "TODAY-EATS/TODAY-EATS.entitlements";
				"CODE_SIGN_IDENTITY[sdk=iphoneos*]" = "iPhone Developer";
				CODE_SIGN_STYLE = Manual;
				CURRENT_PROJECT_VERSION = 1;
				DEVELOPMENT_ASSET_PATHS = "\"TODAY-EATS/Preview Content\"";
				DEVELOPMENT_TEAM = "";
				"DEVELOPMENT_TEAM[sdk=iphoneos*]" = 387JTQ5ATJ;
				ENABLE_PREVIEWS = YES;
				GENERATE_INFOPLIST_FILE = YES;
				INFOPLIST_FILE = "TODAY-EATS/Info.plist";
				INFOPLIST_KEY_NSLocationWhenInUseUsageDescription = "위치 권한을 허용해주세요";
				INFOPLIST_KEY_UIApplicationSceneManifest_Generation = YES;
				INFOPLIST_KEY_UIApplicationSupportsIndirectInputEvents = YES;
				INFOPLIST_KEY_UILaunchScreen_Generation = YES;
				INFOPLIST_KEY_UISupportedInterfaceOrientations_iPad = "UIInterfaceOrientationPortrait UIInterfaceOrientationPortraitUpsideDown UIInterfaceOrientationLandscapeLeft UIInterfaceOrientationLandscapeRight";
				INFOPLIST_KEY_UISupportedInterfaceOrientations_iPhone = "UIInterfaceOrientationPortrait UIInterfaceOrientationLandscapeLeft UIInterfaceOrientationLandscapeRight";
				LD_RUNPATH_SEARCH_PATHS = (
					"$(inherited)",
					"@executable_path/Frameworks",
				);
				MARKETING_VERSION = 1.0;
				OTHER_LDFLAGS = "-ObjC";
				PRODUCT_BUNDLE_IDENTIFIER = com.pky.todayEats;
				PRODUCT_NAME = "$(TARGET_NAME)";
				PROVISIONING_PROFILE_SPECIFIER = "";
				"PROVISIONING_PROFILE_SPECIFIER[sdk=iphoneos*]" = "TODAY EATS Development";
				SWIFT_EMIT_LOC_STRINGS = YES;
				SWIFT_VERSION = 5.0;
				TARGETED_DEVICE_FAMILY = "1,2";
			};
			name = Release;
		};
		205AE91B2B9A726D0022A1E2 /* Debug */ = {
			isa = XCBuildConfiguration;
			buildSettings = {
				ALWAYS_EMBED_SWIFT_STANDARD_LIBRARIES = YES;
				BUNDLE_LOADER = "$(TEST_HOST)";
				CODE_SIGN_STYLE = Automatic;
				CURRENT_PROJECT_VERSION = 1;
				DEVELOPMENT_TEAM = 4ND496J48G;
				GENERATE_INFOPLIST_FILE = YES;
				IPHONEOS_DEPLOYMENT_TARGET = 17.2;
				MARKETING_VERSION = 1.0;
				PRODUCT_BUNDLE_IDENTIFIER = "pky.TODAY-EATSTests";
				PRODUCT_NAME = "$(TARGET_NAME)";
				SWIFT_EMIT_LOC_STRINGS = NO;
				SWIFT_VERSION = 5.0;
				TARGETED_DEVICE_FAMILY = "1,2";
				TEST_HOST = "$(BUILT_PRODUCTS_DIR)/TODAY-EATS.app/$(BUNDLE_EXECUTABLE_FOLDER_PATH)/TODAY-EATS";
			};
			name = Debug;
		};
		205AE91C2B9A726D0022A1E2 /* Release */ = {
			isa = XCBuildConfiguration;
			buildSettings = {
				ALWAYS_EMBED_SWIFT_STANDARD_LIBRARIES = YES;
				BUNDLE_LOADER = "$(TEST_HOST)";
				CODE_SIGN_STYLE = Automatic;
				CURRENT_PROJECT_VERSION = 1;
				DEVELOPMENT_TEAM = 4ND496J48G;
				GENERATE_INFOPLIST_FILE = YES;
				IPHONEOS_DEPLOYMENT_TARGET = 17.2;
				MARKETING_VERSION = 1.0;
				PRODUCT_BUNDLE_IDENTIFIER = "pky.TODAY-EATSTests";
				PRODUCT_NAME = "$(TARGET_NAME)";
				SWIFT_EMIT_LOC_STRINGS = NO;
				SWIFT_VERSION = 5.0;
				TARGETED_DEVICE_FAMILY = "1,2";
				TEST_HOST = "$(BUILT_PRODUCTS_DIR)/TODAY-EATS.app/$(BUNDLE_EXECUTABLE_FOLDER_PATH)/TODAY-EATS";
			};
			name = Release;
		};
		205AE91E2B9A726D0022A1E2 /* Debug */ = {
			isa = XCBuildConfiguration;
			buildSettings = {
				ALWAYS_EMBED_SWIFT_STANDARD_LIBRARIES = YES;
				CODE_SIGN_STYLE = Automatic;
				CURRENT_PROJECT_VERSION = 1;
				DEVELOPMENT_TEAM = 4ND496J48G;
				GENERATE_INFOPLIST_FILE = YES;
				MARKETING_VERSION = 1.0;
				PRODUCT_BUNDLE_IDENTIFIER = "pky.TODAY-EATSUITests";
				PRODUCT_NAME = "$(TARGET_NAME)";
				SWIFT_EMIT_LOC_STRINGS = NO;
				SWIFT_VERSION = 5.0;
				TARGETED_DEVICE_FAMILY = "1,2";
				TEST_TARGET_NAME = "TODAY-EATS";
			};
			name = Debug;
		};
		205AE91F2B9A726D0022A1E2 /* Release */ = {
			isa = XCBuildConfiguration;
			buildSettings = {
				ALWAYS_EMBED_SWIFT_STANDARD_LIBRARIES = YES;
				CODE_SIGN_STYLE = Automatic;
				CURRENT_PROJECT_VERSION = 1;
				DEVELOPMENT_TEAM = 4ND496J48G;
				GENERATE_INFOPLIST_FILE = YES;
				MARKETING_VERSION = 1.0;
				PRODUCT_BUNDLE_IDENTIFIER = "pky.TODAY-EATSUITests";
				PRODUCT_NAME = "$(TARGET_NAME)";
				SWIFT_EMIT_LOC_STRINGS = NO;
				SWIFT_VERSION = 5.0;
				TARGETED_DEVICE_FAMILY = "1,2";
				TEST_TARGET_NAME = "TODAY-EATS";
			};
			name = Release;
		};
/* End XCBuildConfiguration section */

/* Begin XCConfigurationList section */
		205AE8EC2B9A726B0022A1E2 /* Build configuration list for PBXProject "TODAY-EATS" */ = {
			isa = XCConfigurationList;
			buildConfigurations = (
				205AE9152B9A726D0022A1E2 /* Debug */,
				205AE9162B9A726D0022A1E2 /* Release */,
			);
			defaultConfigurationIsVisible = 0;
			defaultConfigurationName = Release;
		};
		205AE9172B9A726D0022A1E2 /* Build configuration list for PBXNativeTarget "TODAY-EATS" */ = {
			isa = XCConfigurationList;
			buildConfigurations = (
				205AE9182B9A726D0022A1E2 /* Debug */,
				205AE9192B9A726D0022A1E2 /* Release */,
			);
			defaultConfigurationIsVisible = 0;
			defaultConfigurationName = Release;
		};
		205AE91A2B9A726D0022A1E2 /* Build configuration list for PBXNativeTarget "TODAY-EATSTests" */ = {
			isa = XCConfigurationList;
			buildConfigurations = (
				205AE91B2B9A726D0022A1E2 /* Debug */,
				205AE91C2B9A726D0022A1E2 /* Release */,
			);
			defaultConfigurationIsVisible = 0;
			defaultConfigurationName = Release;
		};
		205AE91D2B9A726D0022A1E2 /* Build configuration list for PBXNativeTarget "TODAY-EATSUITests" */ = {
			isa = XCConfigurationList;
			buildConfigurations = (
				205AE91E2B9A726D0022A1E2 /* Debug */,
				205AE91F2B9A726D0022A1E2 /* Release */,
			);
			defaultConfigurationIsVisible = 0;
			defaultConfigurationName = Release;
		};
/* End XCConfigurationList section */

/* Begin XCRemoteSwiftPackageReference section */
		20D4E7B82BA06EF0000B3257 /* XCRemoteSwiftPackageReference "firebase-ios-sdk" */ = {
			isa = XCRemoteSwiftPackageReference;
			repositoryURL = "https://github.com/firebase/firebase-ios-sdk";
			requirement = {
				kind = upToNextMajorVersion;
				minimumVersion = 10.22.1;
			};
		};
/* End XCRemoteSwiftPackageReference section */

/* Begin XCSwiftPackageProductDependency section */
		2026A6742BA36C080036964C /* FirebaseStorage */ = {
			isa = XCSwiftPackageProductDependency;
			package = 20D4E7B82BA06EF0000B3257 /* XCRemoteSwiftPackageReference "firebase-ios-sdk" */;
			productName = FirebaseStorage;
		};
		2026A6762BA36C080036964C /* FirebaseStorageCombine-Community */ = {
			isa = XCSwiftPackageProductDependency;
			package = 20D4E7B82BA06EF0000B3257 /* XCRemoteSwiftPackageReference "firebase-ios-sdk" */;
			productName = "FirebaseStorageCombine-Community";
		};
		20D4E7B92BA06EF0000B3257 /* FirebaseAuth */ = {
			isa = XCSwiftPackageProductDependency;
			package = 20D4E7B82BA06EF0000B3257 /* XCRemoteSwiftPackageReference "firebase-ios-sdk" */;
			productName = FirebaseAuth;
		};
		20D4E7BB2BA06EF0000B3257 /* FirebaseDatabase */ = {
			isa = XCSwiftPackageProductDependency;
			package = 20D4E7B82BA06EF0000B3257 /* XCRemoteSwiftPackageReference "firebase-ios-sdk" */;
			productName = FirebaseDatabase;
		};
		20D4E7BD2BA06EF0000B3257 /* FirebaseDatabaseSwift */ = {
			isa = XCSwiftPackageProductDependency;
			package = 20D4E7B82BA06EF0000B3257 /* XCRemoteSwiftPackageReference "firebase-ios-sdk" */;
			productName = FirebaseDatabaseSwift;
		};
		20D4E7C32BA08554000B3257 /* FirebaseAuth */ = {
			isa = XCSwiftPackageProductDependency;
			package = 20D4E7B82BA06EF0000B3257 /* XCRemoteSwiftPackageReference "firebase-ios-sdk" */;
			productName = FirebaseAuth;
		};
		20D4E7C52BA08554000B3257 /* FirebaseAuthCombine-Community */ = {
			isa = XCSwiftPackageProductDependency;
			package = 20D4E7B82BA06EF0000B3257 /* XCRemoteSwiftPackageReference "firebase-ios-sdk" */;
			productName = "FirebaseAuthCombine-Community";
		};
		20D4E7C72BA085AC000B3257 /* FirebaseAppCheck */ = {
			isa = XCSwiftPackageProductDependency;
			package = 20D4E7B82BA06EF0000B3257 /* XCRemoteSwiftPackageReference "firebase-ios-sdk" */;
			productName = FirebaseAppCheck;
		};
		20D4E7C92BA08F84000B3257 /* FirebaseAnalytics */ = {
			isa = XCSwiftPackageProductDependency;
			package = 20D4E7B82BA06EF0000B3257 /* XCRemoteSwiftPackageReference "firebase-ios-sdk" */;
			productName = FirebaseAnalytics;
		};
		20D4E7CB2BA08F84000B3257 /* FirebaseAnalyticsOnDeviceConversion */ = {
			isa = XCSwiftPackageProductDependency;
			package = 20D4E7B82BA06EF0000B3257 /* XCRemoteSwiftPackageReference "firebase-ios-sdk" */;
			productName = FirebaseAnalyticsOnDeviceConversion;
		};
		20D4E7CD2BA08F84000B3257 /* FirebaseAnalyticsSwift */ = {
			isa = XCSwiftPackageProductDependency;
			package = 20D4E7B82BA06EF0000B3257 /* XCRemoteSwiftPackageReference "firebase-ios-sdk" */;
			productName = FirebaseAnalyticsSwift;
		};
		20D4E7CF2BA08F84000B3257 /* FirebaseAnalyticsWithoutAdIdSupport */ = {
			isa = XCSwiftPackageProductDependency;
			package = 20D4E7B82BA06EF0000B3257 /* XCRemoteSwiftPackageReference "firebase-ios-sdk" */;
			productName = FirebaseAnalyticsWithoutAdIdSupport;
		};
		20D4E7D12BA08F84000B3257 /* FirebaseAppDistribution-Beta */ = {
			isa = XCSwiftPackageProductDependency;
			package = 20D4E7B82BA06EF0000B3257 /* XCRemoteSwiftPackageReference "firebase-ios-sdk" */;
			productName = "FirebaseAppDistribution-Beta";
		};
		20D4E7D32BA09351000B3257 /* FirebaseFirestore */ = {
			isa = XCSwiftPackageProductDependency;
			package = 20D4E7B82BA06EF0000B3257 /* XCRemoteSwiftPackageReference "firebase-ios-sdk" */;
			productName = FirebaseFirestore;
		};
/* End XCSwiftPackageProductDependency section */
	};
	rootObject = 205AE8E92B9A726B0022A1E2 /* Project object */;
}
